
Microsoft Visual Studio Solution File, Format Version 12.00
# Visual Studio Version 17
VisualStudioVersion = 17.0.31912.275
MinimumVisualStudioVersion = 10.0.40219.1
Project("{FAE04EC0-301F-11D3-BF4B-00C04F79EFBC}") = "Escola.Api", "Escola.Api\Escola.Api.csproj", "{C5F9B431-F49B-4A84-B116-7EA714DB7C5B}"
EndProject
Project("{FAE04EC0-301F-11D3-BF4B-00C04F79EFBC}") = "Escola.Core", "Escola.Core\Escola.Core.csproj", "{C3746E74-B4CC-4EBD-BE97-E14324DAE04E}"
EndProject
Project("{FAE04EC0-301F-11D3-BF4B-00C04F79EFBC}") = "Escola.Web", "Escola.Web\Escola.Web.csproj", "{28C93812-E8E1-4FC4-A401-C951FC8EE373}"
EndProject
Project("{FAE04EC0-301F-11D3-BF4B-00C04F79EFBC}") = "Escola.ConsoleApp", "Escola.ConsoleApp\Escola.ConsoleApp.csproj", "{6508D2C4-7744-4EDA-8EBA-C33BB1189864}"
EndProject
Global
	GlobalSection(SolutionConfigurationPlatforms) = preSolution
		Debug|Any CPU = Debug|Any CPU
		Release|Any CPU = Release|Any CPU
	EndGlobalSection
	GlobalSection(ProjectConfigurationPlatforms) = postSolution
		{C5F9B431-F49B-4A84-B116-7EA714DB7C5B}.Debug|Any CPU.ActiveCfg = Debug|Any CPU
		{C5F9B431-F49B-4A84-B116-7EA714DB7C5B}.Debug|Any CPU.Build.0 = Debug|Any CPU
		{C5F9B431-F49B-4A84-B116-7EA714DB7C5B}.Release|Any CPU.ActiveCfg = Release|Any CPU
		{C5F9B431-F49B-4A84-B116-7EA714DB7C5B}.Release|Any CPU.Build.0 = Release|Any CPU
		{C3746E74-B4CC-4EBD-BE97-E14324DAE04E}.Debug|Any CPU.ActiveCfg = Debug|Any CPU
		{C3746E74-B4CC-4EBD-BE97-E14324DAE04E}.Debug|Any CPU.Build.0 = Debug|Any CPU
		{C3746E74-B4CC-4EBD-BE97-E14324DAE04E}.Release|Any CPU.ActiveCfg = Release|Any CPU
		{C3746E74-B4CC-4EBD-BE97-E14324DAE04E}.Release|Any CPU.Build.0 = Release|Any CPU
		{28C93812-E8E1-4FC4-A401-C951FC8EE373}.Debug|Any CPU.ActiveCfg = Debug|Any CPU
		{28C93812-E8E1-4FC4-A401-C951FC8EE373}.Debug|Any CPU.Build.0 = Debug|Any CPU
		{28C93812-E8E1-4FC4-A401-C951FC8EE373}.Release|Any CPU.ActiveCfg = Release|Any CPU
		{28C93812-E8E1-4FC4-A401-C951FC8EE373}.Release|Any CPU.Build.0 = Release|Any CPU
		{6508D2C4-7744-4EDA-8EBA-C33BB1189864}.Debug|Any CPU.ActiveCfg = Debug|Any CPU
		{6508D2C4-7744-4EDA-8EBA-C33BB1189864}.Debug|Any CPU.Build.0 = Debug|Any CPU
		{6508D2C4-7744-4EDA-8EBA-C33BB1189864}.Release|Any CPU.ActiveCfg = Release|Any CPU
		{6508D2C4-7744-4EDA-8EBA-C33BB1189864}.Release|Any CPU.Build.0 = Release|Any CPU
	EndGlobalSection
	GlobalSection(SolutionProperties) = preSolution
		HideSolutionNode = FALSE
	EndGlobalSection
	GlobalSection(ExtensibilityGlobals) = postSolution
		SolutionGuid = {05463730-C563-4CB9-B62D-A168AB0C2588}
	EndGlobalSection
EndGlobal
